
Microsoft Visual Studio Solution File, Format Version 11.00
# Visual Studio 2010
# SharpDevelop 4.4
Project("{FAE04EC0-301F-11D3-BF4B-00C04F79EFBC}") = "Primes", "Primes.csproj", "{AAA34A87-8737-4DE1-B748-2046A4DBD7DF}"
EndProject
Global
	GlobalSection(SolutionConfigurationPlatforms) = preSolution
		Debug|Any CPU = Debug|Any CPU
		Release|Any CPU = Release|Any CPU
	EndGlobalSection
	GlobalSection(ProjectConfigurationPlatforms) = postSolution
		{AAA34A87-8737-4DE1-B748-2046A4DBD7DF}.Debug|Any CPU.Build.0 = Debug|Any CPU
		{AAA34A87-8737-4DE1-B748-2046A4DBD7DF}.Debug|Any CPU.ActiveCfg = Debug|Any CPU
		{AAA34A87-8737-4DE1-B748-2046A4DBD7DF}.Release|Any CPU.Build.0 = Release|Any CPU
		{AAA34A87-8737-4DE1-B748-2046A4DBD7DF}.Release|Any CPU.ActiveCfg = Release|Any CPU
	EndGlobalSection
EndGlobal
